// !$*UTF8*$!
{
	archiveVersion = 1;
	classes = {
	};
	objectVersion = 50;
	objects = {

/* Begin PBXBuildFile section */
		2519DD3A263FC3FA004C622E /* HexGrid.swift in Sources */ = {isa = PBXBuildFile; fileRef = 25B88EDD2639127600F5F434 /* HexGrid.swift */; };
		2519DD3E263FC410004C622E /* HexCell.swift in Sources */ = {isa = PBXBuildFile; fileRef = 25B88ED8263911D100F5F434 /* HexCell.swift */; };
		2519DD42263FC441004C622E /* GridDisplayView.swift in Sources */ = {isa = PBXBuildFile; fileRef = 257B8CE9263ECDA200A2EA31 /* GridDisplayView.swift */; };
		2519DD46263FC457004C622E /* CircleDrawView.swift in Sources */ = {isa = PBXBuildFile; fileRef = 257B8CFA263F838E00A2EA31 /* CircleDrawView.swift */; };
		2519DD4A263FC4AB004C622E /* ViewController.swift in Sources */ = {isa = PBXBuildFile; fileRef = 25B88EA92639119B00F5F434 /* ViewController.swift */; };
		257B8CEA263ECDA200A2EA31 /* GridDisplayView.swift in Sources */ = {isa = PBXBuildFile; fileRef = 257B8CE9263ECDA200A2EA31 /* GridDisplayView.swift */; };
		257B8CFB263F838F00A2EA31 /* CircleDrawView.swift in Sources */ = {isa = PBXBuildFile; fileRef = 257B8CFA263F838E00A2EA31 /* CircleDrawView.swift */; };
		25B88EA62639119B00F5F434 /* AppDelegate.swift in Sources */ = {isa = PBXBuildFile; fileRef = 25B88EA52639119B00F5F434 /* AppDelegate.swift */; };
		25B88EA82639119B00F5F434 /* SceneDelegate.swift in Sources */ = {isa = PBXBuildFile; fileRef = 25B88EA72639119B00F5F434 /* SceneDelegate.swift */; };
		25B88EAA2639119B00F5F434 /* ViewController.swift in Sources */ = {isa = PBXBuildFile; fileRef = 25B88EA92639119B00F5F434 /* ViewController.swift */; };
		25B88EAD2639119B00F5F434 /* Main.storyboard in Resources */ = {isa = PBXBuildFile; fileRef = 25B88EAB2639119B00F5F434 /* Main.storyboard */; };
		25B88EAF2639119D00F5F434 /* Assets.xcassets in Resources */ = {isa = PBXBuildFile; fileRef = 25B88EAE2639119D00F5F434 /* Assets.xcassets */; };
		25B88EB22639119D00F5F434 /* LaunchScreen.storyboard in Resources */ = {isa = PBXBuildFile; fileRef = 25B88EB02639119D00F5F434 /* LaunchScreen.storyboard */; };
		25B88EBD2639119E00F5F434 /* AdobeHexGameTests.swift in Sources */ = {isa = PBXBuildFile; fileRef = 25B88EBC2639119E00F5F434 /* AdobeHexGameTests.swift */; };
		25B88EC82639119E00F5F434 /* AdobeHexGameUITests.swift in Sources */ = {isa = PBXBuildFile; fileRef = 25B88EC72639119E00F5F434 /* AdobeHexGameUITests.swift */; };
		25B88ED9263911D100F5F434 /* HexCell.swift in Sources */ = {isa = PBXBuildFile; fileRef = 25B88ED8263911D100F5F434 /* HexCell.swift */; };
		25B88EDE2639127600F5F434 /* HexGrid.swift in Sources */ = {isa = PBXBuildFile; fileRef = 25B88EDD2639127600F5F434 /* HexGrid.swift */; };
/* End PBXBuildFile section */

/* Begin PBXContainerItemProxy section */
		25B88EB92639119E00F5F434 /* PBXContainerItemProxy */ = {
			isa = PBXContainerItemProxy;
			containerPortal = 25B88E9A2639119B00F5F434 /* Project object */;
			proxyType = 1;
			remoteGlobalIDString = 25B88EA12639119B00F5F434;
			remoteInfo = AdobeHexGame;
		};
		25B88EC42639119E00F5F434 /* PBXContainerItemProxy */ = {
			isa = PBXContainerItemProxy;
			containerPortal = 25B88E9A2639119B00F5F434 /* Project object */;
			proxyType = 1;
			remoteGlobalIDString = 25B88EA12639119B00F5F434;
			remoteInfo = AdobeHexGame;
		};
/* End PBXContainerItemProxy section */

/* Begin PBXFileReference section */
		2519DD36263FA611004C622E /* README.md */ = {isa = PBXFileReference; lastKnownFileType = net.daringfireball.markdown; path = README.md; sourceTree = "<group>"; };
		257B8CE9263ECDA200A2EA31 /* GridDisplayView.swift */ = {isa = PBXFileReference; lastKnownFileType = sourcecode.swift; path = GridDisplayView.swift; sourceTree = "<group>"; };
		257B8CFA263F838E00A2EA31 /* CircleDrawView.swift */ = {isa = PBXFileReference; lastKnownFileType = sourcecode.swift; path = CircleDrawView.swift; sourceTree = "<group>"; };
		25B88EA22639119B00F5F434 /* AdobeHexGame.app */ = {isa = PBXFileReference; explicitFileType = wrapper.application; includeInIndex = 0; path = AdobeHexGame.app; sourceTree = BUILT_PRODUCTS_DIR; };
		25B88EA52639119B00F5F434 /* AppDelegate.swift */ = {isa = PBXFileReference; lastKnownFileType = sourcecode.swift; path = AppDelegate.swift; sourceTree = "<group>"; };
		25B88EA72639119B00F5F434 /* SceneDelegate.swift */ = {isa = PBXFileReference; lastKnownFileType = sourcecode.swift; path = SceneDelegate.swift; sourceTree = "<group>"; };
		25B88EA92639119B00F5F434 /* ViewController.swift */ = {isa = PBXFileReference; lastKnownFileType = sourcecode.swift; path = ViewController.swift; sourceTree = "<group>"; };
		25B88EAC2639119B00F5F434 /* Base */ = {isa = PBXFileReference; lastKnownFileType = file.storyboard; name = Base; path = Base.lproj/Main.storyboard; sourceTree = "<group>"; };
		25B88EAE2639119D00F5F434 /* Assets.xcassets */ = {isa = PBXFileReference; lastKnownFileType = folder.assetcatalog; path = Assets.xcassets; sourceTree = "<group>"; };
		25B88EB12639119D00F5F434 /* Base */ = {isa = PBXFileReference; lastKnownFileType = file.storyboard; name = Base; path = Base.lproj/LaunchScreen.storyboard; sourceTree = "<group>"; };
		25B88EB32639119D00F5F434 /* Info.plist */ = {isa = PBXFileReference; lastKnownFileType = text.plist.xml; path = Info.plist; sourceTree = "<group>"; };
		25B88EB82639119E00F5F434 /* AdobeHexGameTests.xctest */ = {isa = PBXFileReference; explicitFileType = wrapper.cfbundle; includeInIndex = 0; path = AdobeHexGameTests.xctest; sourceTree = BUILT_PRODUCTS_DIR; };
		25B88EBC2639119E00F5F434 /* AdobeHexGameTests.swift */ = {isa = PBXFileReference; lastKnownFileType = sourcecode.swift; path = AdobeHexGameTests.swift; sourceTree = "<group>"; };
		25B88EBE2639119E00F5F434 /* Info.plist */ = {isa = PBXFileReference; lastKnownFileType = text.plist.xml; path = Info.plist; sourceTree = "<group>"; };
		25B88EC32639119E00F5F434 /* AdobeHexGameUITests.xctest */ = {isa = PBXFileReference; explicitFileType = wrapper.cfbundle; includeInIndex = 0; path = AdobeHexGameUITests.xctest; sourceTree = BUILT_PRODUCTS_DIR; };
		25B88EC72639119E00F5F434 /* AdobeHexGameUITests.swift */ = {isa = PBXFileReference; lastKnownFileType = sourcecode.swift; path = AdobeHexGameUITests.swift; sourceTree = "<group>"; };
		25B88EC92639119E00F5F434 /* Info.plist */ = {isa = PBXFileReference; lastKnownFileType = text.plist.xml; path = Info.plist; sourceTree = "<group>"; };
		25B88ED8263911D100F5F434 /* HexCell.swift */ = {isa = PBXFileReference; lastKnownFileType = sourcecode.swift; path = HexCell.swift; sourceTree = "<group>"; };
		25B88EDD2639127600F5F434 /* HexGrid.swift */ = {isa = PBXFileReference; lastKnownFileType = sourcecode.swift; path = HexGrid.swift; sourceTree = "<group>"; };
/* End PBXFileReference section */

/* Begin PBXFrameworksBuildPhase section */
		25B88E9F2639119B00F5F434 /* Frameworks */ = {
			isa = PBXFrameworksBuildPhase;
			buildActionMask = 2147483647;
			files = (
			);
			runOnlyForDeploymentPostprocessing = 0;
		};
		25B88EB52639119E00F5F434 /* Frameworks */ = {
			isa = PBXFrameworksBuildPhase;
			buildActionMask = 2147483647;
			files = (
			);
			runOnlyForDeploymentPostprocessing = 0;
		};
		25B88EC02639119E00F5F434 /* Frameworks */ = {
			isa = PBXFrameworksBuildPhase;
			buildActionMask = 2147483647;
			files = (
			);
			runOnlyForDeploymentPostprocessing = 0;
		};
/* End PBXFrameworksBuildPhase section */

/* Begin PBXGroup section */
		2519DD2E263FA30E004C622E /* Model */ = {
			isa = PBXGroup;
			children = (
				25B88ED8263911D100F5F434 /* HexCell.swift */,
				25B88EDD2639127600F5F434 /* HexGrid.swift */,
			);
			path = Model;
			sourceTree = "<group>";
		};
		2519DD2F263FA33A004C622E /* View */ = {
			isa = PBXGroup;
			children = (
				257B8CFA263F838E00A2EA31 /* CircleDrawView.swift */,
				257B8CE9263ECDA200A2EA31 /* GridDisplayView.swift */,
			);
			path = View;
			sourceTree = "<group>";
		};
		25B88E992639119B00F5F434 = {
			isa = PBXGroup;
			children = (
				2519DD36263FA611004C622E /* README.md */,
				25B88EA42639119B00F5F434 /* AdobeHexGame */,
				25B88EBB2639119E00F5F434 /* AdobeHexGameTests */,
				25B88EC62639119E00F5F434 /* AdobeHexGameUITests */,
				25B88EA32639119B00F5F434 /* Products */,
			);
			sourceTree = "<group>";
		};
		25B88EA32639119B00F5F434 /* Products */ = {
			isa = PBXGroup;
			children = (
				25B88EA22639119B00F5F434 /* AdobeHexGame.app */,
				25B88EB82639119E00F5F434 /* AdobeHexGameTests.xctest */,
				25B88EC32639119E00F5F434 /* AdobeHexGameUITests.xctest */,
			);
			name = Products;
			sourceTree = "<group>";
		};
		25B88EA42639119B00F5F434 /* AdobeHexGame */ = {
			isa = PBXGroup;
			children = (
				25B88EA52639119B00F5F434 /* AppDelegate.swift */,
				2519DD2E263FA30E004C622E /* Model */,
				2519DD2F263FA33A004C622E /* View */,
				25B88EA72639119B00F5F434 /* SceneDelegate.swift */,
				25B88EA92639119B00F5F434 /* ViewController.swift */,
				25B88EAB2639119B00F5F434 /* Main.storyboard */,
				25B88EAE2639119D00F5F434 /* Assets.xcassets */,
				25B88EB02639119D00F5F434 /* LaunchScreen.storyboard */,
				25B88EB32639119D00F5F434 /* Info.plist */,
			);
			path = AdobeHexGame;
			sourceTree = "<group>";
		};
		25B88EBB2639119E00F5F434 /* AdobeHexGameTests */ = {
			isa = PBXGroup;
			children = (
				25B88EBC2639119E00F5F434 /* AdobeHexGameTests.swift */,
				25B88EBE2639119E00F5F434 /* Info.plist */,
			);
			path = AdobeHexGameTests;
			sourceTree = "<group>";
		};
		25B88EC62639119E00F5F434 /* AdobeHexGameUITests */ = {
			isa = PBXGroup;
			children = (
				25B88EC72639119E00F5F434 /* AdobeHexGameUITests.swift */,
				25B88EC92639119E00F5F434 /* Info.plist */,
			);
			path = AdobeHexGameUITests;
			sourceTree = "<group>";
		};
/* End PBXGroup section */

/* Begin PBXNativeTarget section */
		25B88EA12639119B00F5F434 /* AdobeHexGame */ = {
			isa = PBXNativeTarget;
			buildConfigurationList = 25B88ECC2639119E00F5F434 /* Build configuration list for PBXNativeTarget "AdobeHexGame" */;
			buildPhases = (
				25B88E9E2639119B00F5F434 /* Sources */,
				25B88E9F2639119B00F5F434 /* Frameworks */,
				25B88EA02639119B00F5F434 /* Resources */,
			);
			buildRules = (
			);
			dependencies = (
			);
			name = AdobeHexGame;
			productName = AdobeHexGame;
			productReference = 25B88EA22639119B00F5F434 /* AdobeHexGame.app */;
			productType = "com.apple.product-type.application";
		};
		25B88EB72639119E00F5F434 /* AdobeHexGameTests */ = {
			isa = PBXNativeTarget;
			buildConfigurationList = 25B88ECF2639119E00F5F434 /* Build configuration list for PBXNativeTarget "AdobeHexGameTests" */;
			buildPhases = (
				25B88EB42639119E00F5F434 /* Sources */,
				25B88EB52639119E00F5F434 /* Frameworks */,
				25B88EB62639119E00F5F434 /* Resources */,
			);
			buildRules = (
			);
			dependencies = (
				25B88EBA2639119E00F5F434 /* PBXTargetDependency */,
			);
			name = AdobeHexGameTests;
			productName = AdobeHexGameTests;
			productReference = 25B88EB82639119E00F5F434 /* AdobeHexGameTests.xctest */;
			productType = "com.apple.product-type.bundle.unit-test";
		};
		25B88EC22639119E00F5F434 /* AdobeHexGameUITests */ = {
			isa = PBXNativeTarget;
			buildConfigurationList = 25B88ED22639119E00F5F434 /* Build configuration list for PBXNativeTarget "AdobeHexGameUITests" */;
			buildPhases = (
				25B88EBF2639119E00F5F434 /* Sources */,
				25B88EC02639119E00F5F434 /* Frameworks */,
				25B88EC12639119E00F5F434 /* Resources */,
			);
			buildRules = (
			);
			dependencies = (
				25B88EC52639119E00F5F434 /* PBXTargetDependency */,
			);
			name = AdobeHexGameUITests;
			productName = AdobeHexGameUITests;
			productReference = 25B88EC32639119E00F5F434 /* AdobeHexGameUITests.xctest */;
			productType = "com.apple.product-type.bundle.ui-testing";
		};
/* End PBXNativeTarget section */

/* Begin PBXProject section */
		25B88E9A2639119B00F5F434 /* Project object */ = {
			isa = PBXProject;
			attributes = {
				LastSwiftUpdateCheck = 1240;
				LastUpgradeCheck = 1240;
				TargetAttributes = {
					25B88EA12639119B00F5F434 = {
						CreatedOnToolsVersion = 12.4;
					};
					25B88EB72639119E00F5F434 = {
						CreatedOnToolsVersion = 12.4;
						TestTargetID = 25B88EA12639119B00F5F434;
					};
					25B88EC22639119E00F5F434 = {
						CreatedOnToolsVersion = 12.4;
						TestTargetID = 25B88EA12639119B00F5F434;
					};
				};
			};
			buildConfigurationList = 25B88E9D2639119B00F5F434 /* Build configuration list for PBXProject "AdobeHexGame" */;
			compatibilityVersion = "Xcode 9.3";
			developmentRegion = en;
			hasScannedForEncodings = 0;
			knownRegions = (
				en,
				Base,
			);
			mainGroup = 25B88E992639119B00F5F434;
			productRefGroup = 25B88EA32639119B00F5F434 /* Products */;
			projectDirPath = "";
			projectRoot = "";
			targets = (
				25B88EA12639119B00F5F434 /* AdobeHexGame */,
				25B88EB72639119E00F5F434 /* AdobeHexGameTests */,
				25B88EC22639119E00F5F434 /* AdobeHexGameUITests */,
			);
		};
/* End PBXProject section */

/* Begin PBXResourcesBuildPhase section */
		25B88EA02639119B00F5F434 /* Resources */ = {
			isa = PBXResourcesBuildPhase;
			buildActionMask = 2147483647;
			files = (
				25B88EB22639119D00F5F434 /* LaunchScreen.storyboard in Resources */,
				25B88EAF2639119D00F5F434 /* Assets.xcassets in Resources */,
				25B88EAD2639119B00F5F434 /* Main.storyboard in Resources */,
			);
			runOnlyForDeploymentPostprocessing = 0;
		};
		25B88EB62639119E00F5F434 /* Resources */ = {
			isa = PBXResourcesBuildPhase;
			buildActionMask = 2147483647;
			files = (
			);
			runOnlyForDeploymentPostprocessing = 0;
		};
		25B88EC12639119E00F5F434 /* Resources */ = {
			isa = PBXResourcesBuildPhase;
			buildActionMask = 2147483647;
			files = (
			);
			runOnlyForDeploymentPostprocessing = 0;
		};
/* End PBXResourcesBuildPhase section */

/* Begin PBXSourcesBuildPhase section */
		25B88E9E2639119B00F5F434 /* Sources */ = {
			isa = PBXSourcesBuildPhase;
			buildActionMask = 2147483647;
			files = (
				25B88EAA2639119B00F5F434 /* ViewController.swift in Sources */,
				257B8CEA263ECDA200A2EA31 /* GridDisplayView.swift in Sources */,
				257B8CFB263F838F00A2EA31 /* CircleDrawView.swift in Sources */,
				25B88EDE2639127600F5F434 /* HexGrid.swift in Sources */,
				25B88ED9263911D100F5F434 /* HexCell.swift in Sources */,
				25B88EA62639119B00F5F434 /* AppDelegate.swift in Sources */,
				25B88EA82639119B00F5F434 /* SceneDelegate.swift in Sources */,
			);
			runOnlyForDeploymentPostprocessing = 0;
		};
		25B88EB42639119E00F5F434 /* Sources */ = {
			isa = PBXSourcesBuildPhase;
			buildActionMask = 2147483647;
			files = (
				2519DD4A263FC4AB004C622E /* ViewController.swift in Sources */,
				25B88EBD2639119E00F5F434 /* AdobeHexGameTests.swift in Sources */,
				2519DD3E263FC410004C622E /* HexCell.swift in Sources */,
				2519DD46263FC457004C622E /* CircleDrawView.swift in Sources */,
				2519DD3A263FC3FA004C622E /* HexGrid.swift in Sources */,
				2519DD42263FC441004C622E /* GridDisplayView.swift in Sources */,
			);
			runOnlyForDeploymentPostprocessing = 0;
		};
		25B88EBF2639119E00F5F434 /* Sources */ = {
			isa = PBXSourcesBuildPhase;
			buildActionMask = 2147483647;
			files = (
				25B88EC82639119E00F5F434 /* AdobeHexGameUITests.swift in Sources */,
			);
			runOnlyForDeploymentPostprocessing = 0;
		};
/* End PBXSourcesBuildPhase section */

/* Begin PBXTargetDependency section */
		25B88EBA2639119E00F5F434 /* PBXTargetDependency */ = {
			isa = PBXTargetDependency;
			target = 25B88EA12639119B00F5F434 /* AdobeHexGame */;
			targetProxy = 25B88EB92639119E00F5F434 /* PBXContainerItemProxy */;
		};
		25B88EC52639119E00F5F434 /* PBXTargetDependency */ = {
			isa = PBXTargetDependency;
			target = 25B88EA12639119B00F5F434 /* AdobeHexGame */;
			targetProxy = 25B88EC42639119E00F5F434 /* PBXContainerItemProxy */;
		};
/* End PBXTargetDependency section */

/* Begin PBXVariantGroup section */
		25B88EAB2639119B00F5F434 /* Main.storyboard */ = {
			isa = PBXVariantGroup;
			children = (
				25B88EAC2639119B00F5F434 /* Base */,
			);
			name = Main.storyboard;
			sourceTree = "<group>";
		};
		25B88EB02639119D00F5F434 /* LaunchScreen.storyboard */ = {
			isa = PBXVariantGroup;
			children = (
				25B88EB12639119D00F5F434 /* Base */,
			);
			name = LaunchScreen.storyboard;
			sourceTree = "<group>";
		};
/* End PBXVariantGroup section */

/* Begin XCBuildConfiguration section */
		25B88ECA2639119E00F5F434 /* Debug */ = {
			isa = XCBuildConfiguration;
			buildSettings = {
				ALWAYS_SEARCH_USER_PATHS = NO;
				CLANG_ANALYZER_NONNULL = YES;
				CLANG_ANALYZER_NUMBER_OBJECT_CONVERSION = YES_AGGRESSIVE;
				CLANG_CXX_LANGUAGE_STANDARD = "gnu++14";
				CLANG_CXX_LIBRARY = "libc++";
				CLANG_ENABLE_MODULES = YES;
				CLANG_ENABLE_OBJC_ARC = YES;
				CLANG_ENABLE_OBJC_WEAK = YES;
				CLANG_WARN_BLOCK_CAPTURE_AUTORELEASING = YES;
				CLANG_WARN_BOOL_CONVERSION = YES;
				CLANG_WARN_COMMA = YES;
				CLANG_WARN_CONSTANT_CONVERSION = YES;
				CLANG_WARN_DEPRECATED_OBJC_IMPLEMENTATIONS = YES;
				CLANG_WARN_DIRECT_OBJC_ISA_USAGE = YES_ERROR;
				CLANG_WARN_DOCUMENTATION_COMMENTS = YES;
				CLANG_WARN_EMPTY_BODY = YES;
				CLANG_WARN_ENUM_CONVERSION = YES;
				CLANG_WARN_INFINITE_RECURSION = YES;
				CLANG_WARN_INT_CONVERSION = YES;
				CLANG_WARN_NON_LITERAL_NULL_CONVERSION = YES;
				CLANG_WARN_OBJC_IMPLICIT_RETAIN_SELF = YES;
				CLANG_WARN_OBJC_LITERAL_CONVERSION = YES;
				CLANG_WARN_OBJC_ROOT_CLASS = YES_ERROR;
				CLANG_WARN_QUOTED_INCLUDE_IN_FRAMEWORK_HEADER = YES;
				CLANG_WARN_RANGE_LOOP_ANALYSIS = YES;
				CLANG_WARN_STRICT_PROTOTYPES = YES;
				CLANG_WARN_SUSPICIOUS_MOVE = YES;
				CLANG_WARN_UNGUARDED_AVAILABILITY = YES_AGGRESSIVE;
				CLANG_WARN_UNREACHABLE_CODE = YES;
				CLANG_WARN__DUPLICATE_METHOD_MATCH = YES;
				COPY_PHASE_STRIP = NO;
				DEBUG_INFORMATION_FORMAT = dwarf;
				ENABLE_STRICT_OBJC_MSGSEND = YES;
				ENABLE_TESTABILITY = YES;
				GCC_C_LANGUAGE_STANDARD = gnu11;
				GCC_DYNAMIC_NO_PIC = NO;
				GCC_NO_COMMON_BLOCKS = YES;
				GCC_OPTIMIZATION_LEVEL = 0;
				GCC_PREPROCESSOR_DEFINITIONS = (
					"DEBUG=1",
					"$(inherited)",
				);
				GCC_WARN_64_TO_32_BIT_CONVERSION = YES;
				GCC_WARN_ABOUT_RETURN_TYPE = YES_ERROR;
				GCC_WARN_UNDECLARED_SELECTOR = YES;
				GCC_WARN_UNINITIALIZED_AUTOS = YES_AGGRESSIVE;
				GCC_WARN_UNUSED_FUNCTION = YES;
				GCC_WARN_UNUSED_VARIABLE = YES;
				IPHONEOS_DEPLOYMENT_TARGET = 14.4;
				MTL_ENABLE_DEBUG_INFO = INCLUDE_SOURCE;
				MTL_FAST_MATH = YES;
				ONLY_ACTIVE_ARCH = YES;
				SDKROOT = iphoneos;
				SWIFT_ACTIVE_COMPILATION_CONDITIONS = DEBUG;
				SWIFT_OPTIMIZATION_LEVEL = "-Onone";
			};
			name = Debug;
		};
		25B88ECB2639119E00F5F434 /* Release */ = {
			isa = XCBuildConfiguration;
			buildSettings = {
				ALWAYS_SEARCH_USER_PATHS = NO;
				CLANG_ANALYZER_NONNULL = YES;
				CLANG_ANALYZER_NUMBER_OBJECT_CONVERSION = YES_AGGRESSIVE;
				CLANG_CXX_LANGUAGE_STANDARD = "gnu++14";
				CLANG_CXX_LIBRARY = "libc++";
				CLANG_ENABLE_MODULES = YES;
				CLANG_ENABLE_OBJC_ARC = YES;
				CLANG_ENABLE_OBJC_WEAK = YES;
				CLANG_WARN_BLOCK_CAPTURE_AUTORELEASING = YES;
				CLANG_WARN_BOOL_CONVERSION = YES;
				CLANG_WARN_COMMA = YES;
				CLANG_WARN_CONSTANT_CONVERSION = YES;
				CLANG_WARN_DEPRECATED_OBJC_IMPLEMENTATIONS = YES;
				CLANG_WARN_DIRECT_OBJC_ISA_USAGE = YES_ERROR;
				CLANG_WARN_DOCUMENTATION_COMMENTS = YES;
				CLANG_WARN_EMPTY_BODY = YES;
				CLANG_WARN_ENUM_CONVERSION = YES;
				CLANG_WARN_INFINITE_RECURSION = YES;
				CLANG_WARN_INT_CONVERSION = YES;
				CLANG_WARN_NON_LITERAL_NULL_CONVERSION = YES;
				CLANG_WARN_OBJC_IMPLICIT_RETAIN_SELF = YES;
				CLANG_WARN_OBJC_LITERAL_CONVERSION = YES;
				CLANG_WARN_OBJC_ROOT_CLASS = YES_ERROR;
				CLANG_WARN_QUOTED_INCLUDE_IN_FRAMEWORK_HEADER = YES;
				CLANG_WARN_RANGE_LOOP_ANALYSIS = YES;
				CLANG_WARN_STRICT_PROTOTYPES = YES;
				CLANG_WARN_SUSPICIOUS_MOVE = YES;
				CLANG_WARN_UNGUARDED_AVAILABILITY = YES_AGGRESSIVE;
				CLANG_WARN_UNREACHABLE_CODE = YES;
				CLANG_WARN__DUPLICATE_METHOD_MATCH = YES;
				COPY_PHASE_STRIP = NO;
				DEBUG_INFORMATION_FORMAT = "dwarf-with-dsym";
				ENABLE_NS_ASSERTIONS = NO;
				ENABLE_STRICT_OBJC_MSGSEND = YES;
				GCC_C_LANGUAGE_STANDARD = gnu11;
				GCC_NO_COMMON_BLOCKS = YES;
				GCC_WARN_64_TO_32_BIT_CONVERSION = YES;
				GCC_WARN_ABOUT_RETURN_TYPE = YES_ERROR;
				GCC_WARN_UNDECLARED_SELECTOR = YES;
				GCC_WARN_UNINITIALIZED_AUTOS = YES_AGGRESSIVE;
				GCC_WARN_UNUSED_FUNCTION = YES;
				GCC_WARN_UNUSED_VARIABLE = YES;
				IPHONEOS_DEPLOYMENT_TARGET = 14.4;
				MTL_ENABLE_DEBUG_INFO = NO;
				MTL_FAST_MATH = YES;
				SDKROOT = iphoneos;
				SWIFT_COMPILATION_MODE = wholemodule;
				SWIFT_OPTIMIZATION_LEVEL = "-O";
				VALIDATE_PRODUCT = YES;
			};
			name = Release;
		};
		25B88ECD2639119E00F5F434 /* Debug */ = {
			isa = XCBuildConfiguration;
			buildSettings = {
				ASSETCATALOG_COMPILER_APPICON_NAME = AppIcon;
				ASSETCATALOG_COMPILER_GLOBAL_ACCENT_COLOR_NAME = AccentColor;
				CODE_SIGN_STYLE = Automatic;
				DEVELOPMENT_TEAM = NJ7V5DU8KW;
				INFOPLIST_FILE = AdobeHexGame/Info.plist;
				LD_RUNPATH_SEARCH_PATHS = (
					"$(inherited)",
					"@executable_path/Frameworks",
				);
				PRODUCT_BUNDLE_IDENTIFIER = com.myke.AdobeHexGame;
				PRODUCT_NAME = "$(TARGET_NAME)";
				SWIFT_VERSION = 5.0;
				TARGETED_DEVICE_FAMILY = 1;
			};
			name = Debug;
		};
		25B88ECE2639119E00F5F434 /* Release */ = {
			isa = XCBuildConfiguration;
			buildSettings = {
				ASSETCATALOG_COMPILER_APPICON_NAME = AppIcon;
				ASSETCATALOG_COMPILER_GLOBAL_ACCENT_COLOR_NAME = AccentColor;
				CODE_SIGN_STYLE = Automatic;
				DEVELOPMENT_TEAM = NJ7V5DU8KW;
				INFOPLIST_FILE = AdobeHexGame/Info.plist;
				LD_RUNPATH_SEARCH_PATHS = (
					"$(inherited)",
					"@executable_path/Frameworks",
				);
				PRODUCT_BUNDLE_IDENTIFIER = com.myke.AdobeHexGame;
				PRODUCT_NAME = "$(TARGET_NAME)";
				SWIFT_VERSION = 5.0;
				TARGETED_DEVICE_FAMILY = 1;
			};
			name = Release;
		};
		25B88ED02639119E00F5F434 /* Debug */ = {
			isa = XCBuildConfiguration;
			buildSettings = {
				ALWAYS_EMBED_SWIFT_STANDARD_LIBRARIES = YES;
				BUNDLE_LOADER = "$(TEST_HOST)";
				CODE_SIGN_STYLE = Automatic;
				DEVELOPMENT_TEAM = NJ7V5DU8KW;
				INFOPLIST_FILE = AdobeHexGameTests/Info.plist;
				IPHONEOS_DEPLOYMENT_TARGET = 14.4;
				LD_RUNPATH_SEARCH_PATHS = (
					"$(inherited)",
					"@executable_path/Frameworks",
					"@loader_path/Frameworks",
				);
				PRODUCT_BUNDLE_IDENTIFIER = com.myke.AdobeHexGameTests;
				PRODUCT_NAME = "$(TARGET_NAME)";
				SWIFT_VERSION = 5.0;
				TARGETED_DEVICE_FAMILY = "1,2";
				TEST_HOST = "$(BUILT_PRODUCTS_DIR)/AdobeHexGame.app/AdobeHexGame";
			};
			name = Debug;
		};
		25B88ED12639119E00F5F434 /* Release */ = {
			isa = XCBuildConfiguration;
			buildSettings = {
				ALWAYS_EMBED_SWIFT_STANDARD_LIBRARIES = YES;
				BUNDLE_LOADER = "$(TEST_HOST)";
				CODE_SIGN_STYLE = Automatic;
				DEVELOPMENT_TEAM = NJ7V5DU8KW;
				INFOPLIST_FILE = AdobeHexGameTests/Info.plist;
				IPHONEOS_DEPLOYMENT_TARGET = 14.4;
				LD_RUNPATH_SEARCH_PATHS = (
					"$(inherited)",
					"@executable_path/Frameworks",
					"@loader_path/Frameworks",
				);
				PRODUCT_BUNDLE_IDENTIFIER = com.myke.AdobeHexGameTests;
				PRODUCT_NAME = "$(TARGET_NAME)";
				SWIFT_VERSION = 5.0;
				TARGETED_DEVICE_FAMILY = "1,2";
				TEST_HOST = "$(BUILT_PRODUCTS_DIR)/AdobeHexGame.app/AdobeHexGame";
			};
			name = Release;
		};
		25B88ED32639119E00F5F434 /* Debug */ = {
			isa = XCBuildConfiguration;
			buildSettings = {
				ALWAYS_EMBED_SWIFT_STANDARD_LIBRARIES = YES;
				CODE_SIGN_STYLE = Automatic;
				DEVELOPMENT_TEAM = NJ7V5DU8KW;
				INFOPLIST_FILE = AdobeHexGameUITests/Info.plist;
				LD_RUNPATH_SEARCH_PATHS = (
					"$(inherited)",
					"@executable_path/Frameworks",
					"@loader_path/Frameworks",
				);
				PRODUCT_BUNDLE_IDENTIFIER = com.myke.AdobeHexGameUITests;
				PRODUCT_NAME = "$(TARGET_NAME)";
				SWIFT_VERSION = 5.0;
				TARGETED_DEVICE_FAMILY = "1,2";
				TEST_TARGET_NAME = AdobeHexGame;
			};
			name = Debug;
		};
		25B88ED42639119E00F5F434 /* Release */ = {
			isa = XCBuildConfiguration;
			buildSettings = {
				ALWAYS_EMBED_SWIFT_STANDARD_LIBRARIES = YES;
				CODE_SIGN_STYLE = Automatic;
				DEVELOPMENT_TEAM = NJ7V5DU8KW;
				INFOPLIST_FILE = AdobeHexGameUITests/Info.plist;
				LD_RUNPATH_SEARCH_PATHS = (
					"$(inherited)",
					"@executable_path/Frameworks",
					"@loader_path/Frameworks",
				);
				PRODUCT_BUNDLE_IDENTIFIER = com.myke.AdobeHexGameUITests;
				PRODUCT_NAME = "$(TARGET_NAME)";
				SWIFT_VERSION = 5.0;
				TARGETED_DEVICE_FAMILY = "1,2";
				TEST_TARGET_NAME = AdobeHexGame;
			};
			name = Release;
		};
/* End XCBuildConfiguration section */

/* Begin XCConfigurationList section */
		25B88E9D2639119B00F5F434 /* Build configuration list for PBXProject "AdobeHexGame" */ = {
			isa = XCConfigurationList;
			buildConfigurations = (
				25B88ECA2639119E00F5F434 /* Debug */,
				25B88ECB2639119E00F5F434 /* Release */,
			);
			defaultConfigurationIsVisible = 0;
			defaultConfigurationName = Release;
		};
		25B88ECC2639119E00F5F434 /* Build configuration list for PBXNativeTarget "AdobeHexGame" */ = {
			isa = XCConfigurationList;
			buildConfigurations = (
				25B88ECD2639119E00F5F434 /* Debug */,
				25B88ECE2639119E00F5F434 /* Release */,
			);
			defaultConfigurationIsVisible = 0;
			defaultConfigurationName = Release;
		};
		25B88ECF2639119E00F5F434 /* Build configuration list for PBXNativeTarget "AdobeHexGameTests" */ = {
			isa = XCConfigurationList;
			buildConfigurations = (
				25B88ED02639119E00F5F434 /* Debug */,
				25B88ED12639119E00F5F434 /* Release */,
			);
			defaultConfigurationIsVisible = 0;
			defaultConfigurationName = Release;
		};
		25B88ED22639119E00F5F434 /* Build configuration list for PBXNativeTarget "AdobeHexGameUITests" */ = {
			isa = XCConfigurationList;
			buildConfigurations = (
				25B88ED32639119E00F5F434 /* Debug */,
				25B88ED42639119E00F5F434 /* Release */,
			);
			defaultConfigurationIsVisible = 0;
			defaultConfigurationName = Release;
		};
/* End XCConfigurationList section */
	};
	rootObject = 25B88E9A2639119B00F5F434 /* Project object */;
}
